
Microsoft Visual Studio Solution File, Format Version 12.00
# Visual Studio Version 17
VisualStudioVersion = 17.0.31903.59
MinimumVisualStudioVersion = 10.0.40219.1
Project("{FAE04EC0-301F-11D3-BF4B-00C04F79EFBC}") = "API", "API\API.csproj", "{755F27BF-ECF8-447E-A984-CCC5E22BB5D8}"
EndProject
Project("{FAE04EC0-301F-11D3-BF4B-00C04F79EFBC}") = "Core", "Core\Core.csproj", "{7BC6805F-E2E9-442A-AAED-A319DDF0D21F}"
EndProject
Project("{FAE04EC0-301F-11D3-BF4B-00C04F79EFBC}") = "Infrastructure", "Infrastructure\Infrastructure.csproj", "{05FCC17E-CF73-4347-BA24-C8604295FA33}"
EndProject
Global
	GlobalSection(SolutionConfigurationPlatforms) = preSolution
		Debug|Any CPU = Debug|Any CPU
		Release|Any CPU = Release|Any CPU
	EndGlobalSection
	GlobalSection(SolutionProperties) = preSolution
		HideSolutionNode = FALSE
	EndGlobalSection
	GlobalSection(ProjectConfigurationPlatforms) = postSolution
		{755F27BF-ECF8-447E-A984-CCC5E22BB5D8}.Debug|Any CPU.ActiveCfg = Debug|Any CPU
		{755F27BF-ECF8-447E-A984-CCC5E22BB5D8}.Debug|Any CPU.Build.0 = Debug|Any CPU
		{755F27BF-ECF8-447E-A984-CCC5E22BB5D8}.Release|Any CPU.ActiveCfg = Release|Any CPU
		{755F27BF-ECF8-447E-A984-CCC5E22BB5D8}.Release|Any CPU.Build.0 = Release|Any CPU
		{7BC6805F-E2E9-442A-AAED-A319DDF0D21F}.Debug|Any CPU.ActiveCfg = Debug|Any CPU
		{7BC6805F-E2E9-442A-AAED-A319DDF0D21F}.Debug|Any CPU.Build.0 = Debug|Any CPU
		{7BC6805F-E2E9-442A-AAED-A319DDF0D21F}.Release|Any CPU.ActiveCfg = Release|Any CPU
		{7BC6805F-E2E9-442A-AAED-A319DDF0D21F}.Release|Any CPU.Build.0 = Release|Any CPU
		{05FCC17E-CF73-4347-BA24-C8604295FA33}.Debug|Any CPU.ActiveCfg = Debug|Any CPU
		{05FCC17E-CF73-4347-BA24-C8604295FA33}.Debug|Any CPU.Build.0 = Debug|Any CPU
		{05FCC17E-CF73-4347-BA24-C8604295FA33}.Release|Any CPU.ActiveCfg = Release|Any CPU
		{05FCC17E-CF73-4347-BA24-C8604295FA33}.Release|Any CPU.Build.0 = Release|Any CPU
	EndGlobalSection
EndGlobal
